
Microsoft Visual Studio Solution File, Format Version 12.00
# Visual Studio Version 17
VisualStudioVersion = 17.8.34330.188
MinimumVisualStudioVersion = 10.0.40219.1
Project("{FAE04EC0-301F-11D3-BF4B-00C04F79EFBC}") = "Astra.Hosting", "Astra.Hosting\Astra.Hosting.csproj", "{3043C6AF-CF1B-4D53-AB5D-29250EC5840C}"
EndProject
Project("{FAE04EC0-301F-11D3-BF4B-00C04F79EFBC}") = "Astra.Hosting.Test", "Astra.Hosting.Test\Astra.Hosting.Test.csproj", "{CAB86621-2D91-4C00-83FD-4BE352089B2D}"
EndProject
Global
	GlobalSection(SolutionConfigurationPlatforms) = preSolution
		Debug|Any CPU = Debug|Any CPU
		Release|Any CPU = Release|Any CPU
	EndGlobalSection
	GlobalSection(ProjectConfigurationPlatforms) = postSolution
		{3043C6AF-CF1B-4D53-AB5D-29250EC5840C}.Debug|Any CPU.ActiveCfg = Debug|Any CPU
		{3043C6AF-CF1B-4D53-AB5D-29250EC5840C}.Debug|Any CPU.Build.0 = Debug|Any CPU
		{3043C6AF-CF1B-4D53-AB5D-29250EC5840C}.Release|Any CPU.ActiveCfg = Release|Any CPU
		{3043C6AF-CF1B-4D53-AB5D-29250EC5840C}.Release|Any CPU.Build.0 = Release|Any CPU
		{CAB86621-2D91-4C00-83FD-4BE352089B2D}.Debug|Any CPU.ActiveCfg = Debug|Any CPU
		{CAB86621-2D91-4C00-83FD-4BE352089B2D}.Debug|Any CPU.Build.0 = Debug|Any CPU
		{CAB86621-2D91-4C00-83FD-4BE352089B2D}.Release|Any CPU.ActiveCfg = Release|Any CPU
		{CAB86621-2D91-4C00-83FD-4BE352089B2D}.Release|Any CPU.Build.0 = Release|Any CPU
	EndGlobalSection
	GlobalSection(SolutionProperties) = preSolution
		HideSolutionNode = FALSE
	EndGlobalSection
	GlobalSection(ExtensibilityGlobals) = postSolution
		SolutionGuid = {5E7DD05B-CF8D-4404-95AF-4F27C47153F7}
	EndGlobalSection
EndGlobal
